
Microsoft Visual Studio Solution File, Format Version 12.00
# Visual Studio Version 17
VisualStudioVersion = 17.11.35327.3
MinimumVisualStudioVersion = 10.0.40219.1
Project("{9A19103F-16F7-4668-BE54-9A1E7A4F7556}") = "OMS.Solution", "OMS.Solution.csproj", "{7132FD6E-EEC2-44A4-A536-E20FA7EC988E}"
	ProjectSection(ProjectDependencies) = postProject
		{8C2BB2E0-077F-4444-BC90-F957BF1199A4} = {8C2BB2E0-077F-4444-BC90-F957BF1199A4}
	EndProjectSection
EndProject
Project("{9A19103F-16F7-4668-BE54-9A1E7A4F7556}") = "Repository", "..\Repository\Repository.csproj", "{8C2BB2E0-077F-4444-BC90-F957BF1199A4}"
EndProject
Project("{9A19103F-16F7-4668-BE54-9A1E7A4F7556}") = "Service", "..\Service\Service.csproj", "{6305C60C-4899-4B46-9D51-CDC113AEC2A2}"
EndProject
Global
	GlobalSection(SolutionConfigurationPlatforms) = preSolution
		Debug|Any CPU = Debug|Any CPU
		Release|Any CPU = Release|Any CPU
	EndGlobalSection
	GlobalSection(ProjectConfigurationPlatforms) = postSolution
		{7132FD6E-EEC2-44A4-A536-E20FA7EC988E}.Debug|Any CPU.ActiveCfg = Debug|Any CPU
		{7132FD6E-EEC2-44A4-A536-E20FA7EC988E}.Debug|Any CPU.Build.0 = Debug|Any CPU
		{7132FD6E-EEC2-44A4-A536-E20FA7EC988E}.Release|Any CPU.ActiveCfg = Release|Any CPU
		{7132FD6E-EEC2-44A4-A536-E20FA7EC988E}.Release|Any CPU.Build.0 = Release|Any CPU
		{8C2BB2E0-077F-4444-BC90-F957BF1199A4}.Debug|Any CPU.ActiveCfg = Debug|Any CPU
		{8C2BB2E0-077F-4444-BC90-F957BF1199A4}.Debug|Any CPU.Build.0 = Debug|Any CPU
		{8C2BB2E0-077F-4444-BC90-F957BF1199A4}.Release|Any CPU.ActiveCfg = Release|Any CPU
		{8C2BB2E0-077F-4444-BC90-F957BF1199A4}.Release|Any CPU.Build.0 = Release|Any CPU
		{6305C60C-4899-4B46-9D51-CDC113AEC2A2}.Debug|Any CPU.ActiveCfg = Debug|Any CPU
		{6305C60C-4899-4B46-9D51-CDC113AEC2A2}.Debug|Any CPU.Build.0 = Debug|Any CPU
		{6305C60C-4899-4B46-9D51-CDC113AEC2A2}.Release|Any CPU.ActiveCfg = Release|Any CPU
		{6305C60C-4899-4B46-9D51-CDC113AEC2A2}.Release|Any CPU.Build.0 = Release|Any CPU
	EndGlobalSection
	GlobalSection(SolutionProperties) = preSolution
		HideSolutionNode = FALSE
	EndGlobalSection
	GlobalSection(ExtensibilityGlobals) = postSolution
		SolutionGuid = {ABCCFFE7-AC36-4A12-89EA-4398CFBD3178}
	EndGlobalSection
EndGlobal
